
Microsoft Visual Studio Solution File, Format Version 12.00
# Visual Studio 15
VisualStudioVersion = 15.0.28307.779
MinimumVisualStudioVersion = 10.0.40219.1
Project("{8BC9CEB8-8B4A-11D0-8D11-00A0C91BC942}") = "IndividualProject", "IndividualProject\IndividualProject.vcxproj", "{7217EB3A-0172-4821-AD48-A98B74CF3157}"
EndProject
Global
	GlobalSection(SolutionConfigurationPlatforms) = preSolution
		Debug|x64 = Debug|x64
		Debug|x86 = Debug|x86
		Release|x64 = Release|x64
		Release|x86 = Release|x86
	EndGlobalSection
	GlobalSection(ProjectConfigurationPlatforms) = postSolution
		{7217EB3A-0172-4821-AD48-A98B74CF3157}.Debug|x64.ActiveCfg = Debug|x64
		{7217EB3A-0172-4821-AD48-A98B74CF3157}.Debug|x64.Build.0 = Debug|x64
		{7217EB3A-0172-4821-AD48-A98B74CF3157}.Debug|x86.ActiveCfg = Debug|Win32
		{7217EB3A-0172-4821-AD48-A98B74CF3157}.Debug|x86.Build.0 = Debug|Win32
		{7217EB3A-0172-4821-AD48-A98B74CF3157}.Release|x64.ActiveCfg = Release|x64
		{7217EB3A-0172-4821-AD48-A98B74CF3157}.Release|x64.Build.0 = Release|x64
		{7217EB3A-0172-4821-AD48-A98B74CF3157}.Release|x86.ActiveCfg = Release|Win32
		{7217EB3A-0172-4821-AD48-A98B74CF3157}.Release|x86.Build.0 = Release|Win32
	EndGlobalSection
	GlobalSection(SolutionProperties) = preSolution
		HideSolutionNode = FALSE
	EndGlobalSection
	GlobalSection(ExtensibilityGlobals) = postSolution
		SolutionGuid = {2F7CA97A-D0D9-428B-9A81-80EB78BE3CA1}
	EndGlobalSection
EndGlobal
